
Microsoft Visual Studio Solution File, Format Version 12.00
# Visual Studio Version 17
VisualStudioVersion = 17.11.35303.130
MinimumVisualStudioVersion = 10.0.40219.1
Project("{FAE04EC0-301F-11D3-BF4B-00C04F79EFBC}") = "FitLife", "FitLife\FitLife.csproj", "{97D77FAD-8343-4CC0-8C16-3305A72791FF}"
EndProject
Global
	GlobalSection(SolutionConfigurationPlatforms) = preSolution
		Debug|Any CPU = Debug|Any CPU
		Release|Any CPU = Release|Any CPU
	EndGlobalSection
	GlobalSection(ProjectConfigurationPlatforms) = postSolution
		{97D77FAD-8343-4CC0-8C16-3305A72791FF}.Debug|Any CPU.ActiveCfg = Debug|Any CPU
		{97D77FAD-8343-4CC0-8C16-3305A72791FF}.Debug|Any CPU.Build.0 = Debug|Any CPU
		{97D77FAD-8343-4CC0-8C16-3305A72791FF}.Release|Any CPU.ActiveCfg = Release|Any CPU
		{97D77FAD-8343-4CC0-8C16-3305A72791FF}.Release|Any CPU.Build.0 = Release|Any CPU
	EndGlobalSection
	GlobalSection(SolutionProperties) = preSolution
		HideSolutionNode = FALSE
	EndGlobalSection
	GlobalSection(ExtensibilityGlobals) = postSolution
		SolutionGuid = {62001329-14DA-4DBC-9D1D-8371EB4A53EC}
	EndGlobalSection
EndGlobal
